// !$*UTF8*$!
{
	archiveVersion = 1;
	classes = {
	};
	objectVersion = 50;
	objects = {

/* Begin PBXBuildFile section */
		999EACD92455C17300321D3E /* AppDelegate.swift in Sources */ = {isa = PBXBuildFile; fileRef = 999EACD82455C17300321D3E /* AppDelegate.swift */; };
		999EACDB2455C17300321D3E /* SceneDelegate.swift in Sources */ = {isa = PBXBuildFile; fileRef = 999EACDA2455C17300321D3E /* SceneDelegate.swift */; };
		999EACDD2455C17300321D3E /* ProjectsController.swift in Sources */ = {isa = PBXBuildFile; fileRef = 999EACDC2455C17300321D3E /* ProjectsController.swift */; };
		999EACE02455C17300321D3E /* Main.storyboard in Resources */ = {isa = PBXBuildFile; fileRef = 999EACDE2455C17300321D3E /* Main.storyboard */; };
		999EACE22455C17500321D3E /* Assets.xcassets in Resources */ = {isa = PBXBuildFile; fileRef = 999EACE12455C17500321D3E /* Assets.xcassets */; };
		999EACE52455C17600321D3E /* LaunchScreen.storyboard in Resources */ = {isa = PBXBuildFile; fileRef = 999EACE32455C17500321D3E /* LaunchScreen.storyboard */; };
		999EACED2456B4D600321D3E /* ProjectsTableViewCell.swift in Sources */ = {isa = PBXBuildFile; fileRef = 999EACEC2456B4D600321D3E /* ProjectsTableViewCell.swift */; };
		999EACEF2456B50400321D3E /* RecentTableViewCell.swift in Sources */ = {isa = PBXBuildFile; fileRef = 999EACEE2456B50400321D3E /* RecentTableViewCell.swift */; };
/* End PBXBuildFile section */

/* Begin PBXFileReference section */
		999EACD52455C17300321D3E /* knitting.app */ = {isa = PBXFileReference; explicitFileType = wrapper.application; includeInIndex = 0; path = knitting.app; sourceTree = BUILT_PRODUCTS_DIR; };
		999EACD82455C17300321D3E /* AppDelegate.swift */ = {isa = PBXFileReference; lastKnownFileType = sourcecode.swift; path = AppDelegate.swift; sourceTree = "<group>"; };
		999EACDA2455C17300321D3E /* SceneDelegate.swift */ = {isa = PBXFileReference; lastKnownFileType = sourcecode.swift; path = SceneDelegate.swift; sourceTree = "<group>"; };
		999EACDC2455C17300321D3E /* ProjectsController.swift */ = {isa = PBXFileReference; lastKnownFileType = sourcecode.swift; path = ProjectsController.swift; sourceTree = "<group>"; };
		999EACDF2455C17300321D3E /* Base */ = {isa = PBXFileReference; lastKnownFileType = file.storyboard; name = Base; path = Base.lproj/Main.storyboard; sourceTree = "<group>"; };
		999EACE12455C17500321D3E /* Assets.xcassets */ = {isa = PBXFileReference; lastKnownFileType = folder.assetcatalog; path = Assets.xcassets; sourceTree = "<group>"; };
		999EACE42455C17600321D3E /* Base */ = {isa = PBXFileReference; lastKnownFileType = file.storyboard; name = Base; path = Base.lproj/LaunchScreen.storyboard; sourceTree = "<group>"; };
		999EACE62455C17600321D3E /* Info.plist */ = {isa = PBXFileReference; lastKnownFileType = text.plist.xml; path = Info.plist; sourceTree = "<group>"; };
		999EACEC2456B4D600321D3E /* ProjectsTableViewCell.swift */ = {isa = PBXFileReference; lastKnownFileType = sourcecode.swift; path = ProjectsTableViewCell.swift; sourceTree = "<group>"; };
		999EACEE2456B50400321D3E /* RecentTableViewCell.swift */ = {isa = PBXFileReference; lastKnownFileType = sourcecode.swift; path = RecentTableViewCell.swift; sourceTree = "<group>"; };
/* End PBXFileReference section */

/* Begin PBXFrameworksBuildPhase section */
		999EACD22455C17300321D3E /* Frameworks */ = {
			isa = PBXFrameworksBuildPhase;
			buildActionMask = 2147483647;
			files = (
			);
			runOnlyForDeploymentPostprocessing = 0;
		};
/* End PBXFrameworksBuildPhase section */

/* Begin PBXGroup section */
		999EACCC2455C17300321D3E = {
			isa = PBXGroup;
			children = (
				999EACD72455C17300321D3E /* knitting */,
				999EACD62455C17300321D3E /* Products */,
			);
			sourceTree = "<group>";
		};
		999EACD62455C17300321D3E /* Products */ = {
			isa = PBXGroup;
			children = (
				999EACD52455C17300321D3E /* knitting.app */,
			);
			name = Products;
			sourceTree = "<group>";
		};
		999EACD72455C17300321D3E /* knitting */ = {
			isa = PBXGroup;
			children = (
				999EACD82455C17300321D3E /* AppDelegate.swift */,
				999EACDA2455C17300321D3E /* SceneDelegate.swift */,
				999EACDC2455C17300321D3E /* ProjectsController.swift */,
				999EACEC2456B4D600321D3E /* ProjectsTableViewCell.swift */,
				999EACEE2456B50400321D3E /* RecentTableViewCell.swift */,
				999EACDE2455C17300321D3E /* Main.storyboard */,
				999EACE12455C17500321D3E /* Assets.xcassets */,
				999EACE32455C17500321D3E /* LaunchScreen.storyboard */,
				999EACE62455C17600321D3E /* Info.plist */,
			);
			path = knitting;
			sourceTree = "<group>";
		};
/* End PBXGroup section */

/* Begin PBXNativeTarget section */
		999EACD42455C17300321D3E /* knitting */ = {
			isa = PBXNativeTarget;
			buildConfigurationList = 999EACE92455C17600321D3E /* Build configuration list for PBXNativeTarget "knitting" */;
			buildPhases = (
				999EACD12455C17300321D3E /* Sources */,
				999EACD22455C17300321D3E /* Frameworks */,
				999EACD32455C17300321D3E /* Resources */,
			);
			buildRules = (
			);
			dependencies = (
			);
			name = knitting;
			productName = knitting;
			productReference = 999EACD52455C17300321D3E /* knitting.app */;
			productType = "com.apple.product-type.application";
		};
/* End PBXNativeTarget section */

/* Begin PBXProject section */
		999EACCD2455C17300321D3E /* Project object */ = {
			isa = PBXProject;
			attributes = {
				LastSwiftUpdateCheck = 1140;
				LastUpgradeCheck = 1140;
				ORGANIZATIONNAME = "Павел Кузин";
				TargetAttributes = {
					999EACD42455C17300321D3E = {
						CreatedOnToolsVersion = 11.4;
					};
				};
			};
			buildConfigurationList = 999EACD02455C17300321D3E /* Build configuration list for PBXProject "knitting" */;
			compatibilityVersion = "Xcode 9.3";
			developmentRegion = en;
			hasScannedForEncodings = 0;
			knownRegions = (
				en,
				Base,
			);
			mainGroup = 999EACCC2455C17300321D3E;
			productRefGroup = 999EACD62455C17300321D3E /* Products */;
			projectDirPath = "";
			projectRoot = "";
			targets = (
				999EACD42455C17300321D3E /* knitting */,
			);
		};
/* End PBXProject section */

/* Begin PBXResourcesBuildPhase section */
		999EACD32455C17300321D3E /* Resources */ = {
			isa = PBXResourcesBuildPhase;
			buildActionMask = 2147483647;
			files = (
				999EACE52455C17600321D3E /* LaunchScreen.storyboard in Resources */,
				999EACE22455C17500321D3E /* Assets.xcassets in Resources */,
				999EACE02455C17300321D3E /* Main.storyboard in Resources */,
			);
			runOnlyForDeploymentPostprocessing = 0;
		};
/* End PBXResourcesBuildPhase section */

/* Begin PBXSourcesBuildPhase section */
		999EACD12455C17300321D3E /* Sources */ = {
			isa = PBXSourcesBuildPhase;
			buildActionMask = 2147483647;
			files = (
				999EACDD2455C17300321D3E /* ProjectsController.swift in Sources */,
				999EACEF2456B50400321D3E /* RecentTableViewCell.swift in Sources */,
				999EACD92455C17300321D3E /* AppDelegate.swift in Sources */,
				999EACDB2455C17300321D3E /* SceneDelegate.swift in Sources */,
				999EACED2456B4D600321D3E /* ProjectsTableViewCell.swift in Sources */,
			);
			runOnlyForDeploymentPostprocessing = 0;
		};
/* End PBXSourcesBuildPhase section */

/* Begin PBXVariantGroup section */
		999EACDE2455C17300321D3E /* Main.storyboard */ = {
			isa = PBXVariantGroup;
			children = (
				999EACDF2455C17300321D3E /* Base */,
			);
			name = Main.storyboard;
			sourceTree = "<group>";
		};
		999EACE32455C17500321D3E /* LaunchScreen.storyboard */ = {
			isa = PBXVariantGroup;
			children = (
				999EACE42455C17600321D3E /* Base */,
			);
			name = LaunchScreen.storyboard;
			sourceTree = "<group>";
		};
/* End PBXVariantGroup section */

/* Begin XCBuildConfiguration section */
		999EACE72455C17600321D3E /* Debug */ = {
			isa = XCBuildConfiguration;
			buildSettings = {
				ALWAYS_SEARCH_USER_PATHS = NO;
				CLANG_ANALYZER_NONNULL = YES;
				CLANG_ANALYZER_NUMBER_OBJECT_CONVERSION = YES_AGGRESSIVE;
				CLANG_CXX_LANGUAGE_STANDARD = "gnu++14";
				CLANG_CXX_LIBRARY = "libc++";
				CLANG_ENABLE_MODULES = YES;
				CLANG_ENABLE_OBJC_ARC = YES;
				CLANG_ENABLE_OBJC_WEAK = YES;
				CLANG_WARN_BLOCK_CAPTURE_AUTORELEASING = YES;
				CLANG_WARN_BOOL_CONVERSION = YES;
				CLANG_WARN_COMMA = YES;
				CLANG_WARN_CONSTANT_CONVERSION = YES;
				CLANG_WARN_DEPRECATED_OBJC_IMPLEMENTATIONS = YES;
				CLANG_WARN_DIRECT_OBJC_ISA_USAGE = YES_ERROR;
				CLANG_WARN_DOCUMENTATION_COMMENTS = YES;
				CLANG_WARN_EMPTY_BODY = YES;
				CLANG_WARN_ENUM_CONVERSION = YES;
				CLANG_WARN_INFINITE_RECURSION = YES;
				CLANG_WARN_INT_CONVERSION = YES;
				CLANG_WARN_NON_LITERAL_NULL_CONVERSION = YES;
				CLANG_WARN_OBJC_IMPLICIT_RETAIN_SELF = YES;
				CLANG_WARN_OBJC_LITERAL_CONVERSION = YES;
				CLANG_WARN_OBJC_ROOT_CLASS = YES_ERROR;
				CLANG_WARN_RANGE_LOOP_ANALYSIS = YES;
				CLANG_WARN_STRICT_PROTOTYPES = YES;
				CLANG_WARN_SUSPICIOUS_MOVE = YES;
				CLANG_WARN_UNGUARDED_AVAILABILITY = YES_AGGRESSIVE;
				CLANG_WARN_UNREACHABLE_CODE = YES;
				CLANG_WARN__DUPLICATE_METHOD_MATCH = YES;
				COPY_PHASE_STRIP = NO;
				DEBUG_INFORMATION_FORMAT = dwarf;
				ENABLE_STRICT_OBJC_MSGSEND = YES;
				ENABLE_TESTABILITY = YES;
				GCC_C_LANGUAGE_STANDARD = gnu11;
				GCC_DYNAMIC_NO_PIC = NO;
				GCC_NO_COMMON_BLOCKS = YES;
				GCC_OPTIMIZATION_LEVEL = 0;
				GCC_PREPROCESSOR_DEFINITIONS = (
					"DEBUG=1",
					"$(inherited)",
				);
				GCC_WARN_64_TO_32_BIT_CONVERSION = YES;
				GCC_WARN_ABOUT_RETURN_TYPE = YES_ERROR;
				GCC_WARN_UNDECLARED_SELECTOR = YES;
				GCC_WARN_UNINITIALIZED_AUTOS = YES_AGGRESSIVE;
				GCC_WARN_UNUSED_FUNCTION = YES;
				GCC_WARN_UNUSED_VARIABLE = YES;
				IPHONEOS_DEPLOYMENT_TARGET = 13.4;
				MTL_ENABLE_DEBUG_INFO = INCLUDE_SOURCE;
				MTL_FAST_MATH = YES;
				ONLY_ACTIVE_ARCH = YES;
				SDKROOT = iphoneos;
				SWIFT_ACTIVE_COMPILATION_CONDITIONS = DEBUG;
				SWIFT_OPTIMIZATION_LEVEL = "-Onone";
			};
			name = Debug;
		};
		999EACE82455C17600321D3E /* Release */ = {
			isa = XCBuildConfiguration;
			buildSettings = {
				ALWAYS_SEARCH_USER_PATHS = NO;
				CLANG_ANALYZER_NONNULL = YES;
				CLANG_ANALYZER_NUMBER_OBJECT_CONVERSION = YES_AGGRESSIVE;
				CLANG_CXX_LANGUAGE_STANDARD = "gnu++14";
				CLANG_CXX_LIBRARY = "libc++";
				CLANG_ENABLE_MODULES = YES;
				CLANG_ENABLE_OBJC_ARC = YES;
				CLANG_ENABLE_OBJC_WEAK = YES;
				CLANG_WARN_BLOCK_CAPTURE_AUTORELEASING = YES;
				CLANG_WARN_BOOL_CONVERSION = YES;
				CLANG_WARN_COMMA = YES;
				CLANG_WARN_CONSTANT_CONVERSION = YES;
				CLANG_WARN_DEPRECATED_OBJC_IMPLEMENTATIONS = YES;
				CLANG_WARN_DIRECT_OBJC_ISA_USAGE = YES_ERROR;
				CLANG_WARN_DOCUMENTATION_COMMENTS = YES;
				CLANG_WARN_EMPTY_BODY = YES;
				CLANG_WARN_ENUM_CONVERSION = YES;
				CLANG_WARN_INFINITE_RECURSION = YES;
				CLANG_WARN_INT_CONVERSION = YES;
				CLANG_WARN_NON_LITERAL_NULL_CONVERSION = YES;
				CLANG_WARN_OBJC_IMPLICIT_RETAIN_SELF = YES;
				CLANG_WARN_OBJC_LITERAL_CONVERSION = YES;
				CLANG_WARN_OBJC_ROOT_CLASS = YES_ERROR;
				CLANG_WARN_RANGE_LOOP_ANALYSIS = YES;
				CLANG_WARN_STRICT_PROTOTYPES = YES;
				CLANG_WARN_SUSPICIOUS_MOVE = YES;
				CLANG_WARN_UNGUARDED_AVAILABILITY = YES_AGGRESSIVE;
				CLANG_WARN_UNREACHABLE_CODE = YES;
				CLANG_WARN__DUPLICATE_METHOD_MATCH = YES;
				COPY_PHASE_STRIP = NO;
				DEBUG_INFORMATION_FORMAT = "dwarf-with-dsym";
				ENABLE_NS_ASSERTIONS = NO;
				ENABLE_STRICT_OBJC_MSGSEND = YES;
				GCC_C_LANGUAGE_STANDARD = gnu11;
				GCC_NO_COMMON_BLOCKS = YES;
				GCC_WARN_64_TO_32_BIT_CONVERSION = YES;
				GCC_WARN_ABOUT_RETURN_TYPE = YES_ERROR;
				GCC_WARN_UNDECLARED_SELECTOR = YES;
				GCC_WARN_UNINITIALIZED_AUTOS = YES_AGGRESSIVE;
				GCC_WARN_UNUSED_FUNCTION = YES;
				GCC_WARN_UNUSED_VARIABLE = YES;
				IPHONEOS_DEPLOYMENT_TARGET = 13.4;
				MTL_ENABLE_DEBUG_INFO = NO;
				MTL_FAST_MATH = YES;
				SDKROOT = iphoneos;
				SWIFT_COMPILATION_MODE = wholemodule;
				SWIFT_OPTIMIZATION_LEVEL = "-O";
				VALIDATE_PRODUCT = YES;
			};
			name = Release;
		};
		999EACEA2455C17600321D3E /* Debug */ = {
			isa = XCBuildConfiguration;
			buildSettings = {
				ASSETCATALOG_COMPILER_APPICON_NAME = AppIcon;
				CODE_SIGN_STYLE = Automatic;
				DEVELOPMENT_TEAM = JJC3HHT8LN;
				INFOPLIST_FILE = knitting/Info.plist;
				LD_RUNPATH_SEARCH_PATHS = (
					"$(inherited)",
					"@executable_path/Frameworks",
				);
				PRODUCT_BUNDLE_IDENTIFIER = ru.polykuzin.knitting;
				PRODUCT_NAME = "$(TARGET_NAME)";
				SWIFT_VERSION = 5.0;
				TARGETED_DEVICE_FAMILY = 1;
			};
			name = Debug;
		};
		999EACEB2455C17600321D3E /* Release */ = {
			isa = XCBuildConfiguration;
			buildSettings = {
				ASSETCATALOG_COMPILER_APPICON_NAME = AppIcon;
				CODE_SIGN_STYLE = Automatic;
				DEVELOPMENT_TEAM = JJC3HHT8LN;
				INFOPLIST_FILE = knitting/Info.plist;
				LD_RUNPATH_SEARCH_PATHS = (
					"$(inherited)",
					"@executable_path/Frameworks",
				);
				PRODUCT_BUNDLE_IDENTIFIER = ru.polykuzin.knitting;
				PRODUCT_NAME = "$(TARGET_NAME)";
				SWIFT_VERSION = 5.0;
				TARGETED_DEVICE_FAMILY = 1;
			};
			name = Release;
		};
/* End XCBuildConfiguration section */

/* Begin XCConfigurationList section */
		999EACD02455C17300321D3E /* Build configuration list for PBXProject "knitting" */ = {
			isa = XCConfigurationList;
			buildConfigurations = (
				999EACE72455C17600321D3E /* Debug */,
				999EACE82455C17600321D3E /* Release */,
			);
			defaultConfigurationIsVisible = 0;
			defaultConfigurationName = Release;
		};
		999EACE92455C17600321D3E /* Build configuration list for PBXNativeTarget "knitting" */ = {
			isa = XCConfigurationList;
			buildConfigurations = (
				999EACEA2455C17600321D3E /* Debug */,
				999EACEB2455C17600321D3E /* Release */,
			);
			defaultConfigurationIsVisible = 0;
			defaultConfigurationName = Release;
		};
/* End XCConfigurationList section */
	};
	rootObject = 999EACCD2455C17300321D3E /* Project object */;
}
