// !$*UTF8*$!
{
	archiveVersion = 1;
	classes = {
	};
	objectVersion = 51;
	objects = {

/* Begin PBXBuildFile section */
		991A00C62481CBF0003DE7C2 /* Constraints.swift in Sources */ = {isa = PBXBuildFile; fileRef = 991A00C52481CBF0003DE7C2 /* Constraints.swift */; };
		9939C9F7246DC6DE0029EFB1 /* Extensions.swift in Sources */ = {isa = PBXBuildFile; fileRef = 9939C9F6246DC6DE0029EFB1 /* Extensions.swift */; };
		9939C9F9246DC88B0029EFB1 /* congratulations.gif in Resources */ = {isa = PBXBuildFile; fileRef = 9939C9F8246DC88A0029EFB1 /* congratulations.gif */; };
		997E85112458992A0074BE4B /* StorageManager.swift in Sources */ = {isa = PBXBuildFile; fileRef = 997E85102458992A0074BE4B /* StorageManager.swift */; };
		997E85132458B6FF0074BE4B /* CountersVC.swift in Sources */ = {isa = PBXBuildFile; fileRef = 997E85122458B6FF0074BE4B /* CountersVC.swift */; };
		9998AA4B2477EC7000629CBF /* GallaryCollectionView.swift in Sources */ = {isa = PBXBuildFile; fileRef = 9998AA4A2477EC7000629CBF /* GallaryCollectionView.swift */; };
		9998AA4F2477F15700629CBF /* GalleryCell.swift in Sources */ = {isa = PBXBuildFile; fileRef = 9998AA4E2477F15700629CBF /* GalleryCell.swift */; };
		9998AA552478210500629CBF /* ProjectsCell.swift in Sources */ = {isa = PBXBuildFile; fileRef = 9998AA542478210500629CBF /* ProjectsCell.swift */; };
		999EACD92455C17300321D3E /* AppDelegate.swift in Sources */ = {isa = PBXBuildFile; fileRef = 999EACD82455C17300321D3E /* AppDelegate.swift */; };
		999EACDB2455C17300321D3E /* SceneDelegate.swift in Sources */ = {isa = PBXBuildFile; fileRef = 999EACDA2455C17300321D3E /* SceneDelegate.swift */; };
		999EACDD2455C17300321D3E /* ProjectsVC.swift in Sources */ = {isa = PBXBuildFile; fileRef = 999EACDC2455C17300321D3E /* ProjectsVC.swift */; };
		999EACE02455C17300321D3E /* Main.storyboard in Resources */ = {isa = PBXBuildFile; fileRef = 999EACDE2455C17300321D3E /* Main.storyboard */; };
		999EACE22455C17500321D3E /* Assets.xcassets in Resources */ = {isa = PBXBuildFile; fileRef = 999EACE12455C17500321D3E /* Assets.xcassets */; };
		999EACE52455C17600321D3E /* LaunchScreen.storyboard in Resources */ = {isa = PBXBuildFile; fileRef = 999EACE32455C17500321D3E /* LaunchScreen.storyboard */; };
		999EACF52457175200321D3E /* CreateProjectVC.swift in Sources */ = {isa = PBXBuildFile; fileRef = 999EACF42457175200321D3E /* CreateProjectVC.swift */; };
		99C8176B247D1EAB007836D8 /* User.swift in Sources */ = {isa = PBXBuildFile; fileRef = 99C8176A247D1EAB007836D8 /* User.swift */; };
		99C8178D247D564C007836D8 /* ProjectToKnit.swift in Sources */ = {isa = PBXBuildFile; fileRef = 99C8178C247D564C007836D8 /* ProjectToKnit.swift */; };
		99C8178F247E831E007836D8 /* CounterToKnit.swift in Sources */ = {isa = PBXBuildFile; fileRef = 99C8178E247E831E007836D8 /* CounterToKnit.swift */; };
		99D89BF56AFBB83D045FF329 /* Pods_knitting.framework in Frameworks */ = {isa = PBXBuildFile; fileRef = C0F67815AA6391CEBC9773A0 /* Pods_knitting.framework */; };
		99DA5836245C2A5D00DF9CA1 /* CountersViewCell.swift in Sources */ = {isa = PBXBuildFile; fileRef = 99DA5835245C2A5D00DF9CA1 /* CountersViewCell.swift */; };
		99E7860D24803D7F00F3D6E7 /* ProjectsTableView.swift in Sources */ = {isa = PBXBuildFile; fileRef = 99E7860C24803D7F00F3D6E7 /* ProjectsTableView.swift */; };
		99E7861024803E6E00F3D6E7 /* FirstScreen.swift in Sources */ = {isa = PBXBuildFile; fileRef = 99E7860F24803E6E00F3D6E7 /* FirstScreen.swift */; };
		99F9E77D247C21DE000ACA5A /* LogInVC.swift in Sources */ = {isa = PBXBuildFile; fileRef = 99F9E77C247C21DE000ACA5A /* LogInVC.swift */; };
		99F9E77F247C2DBA000ACA5A /* GoogleService-Info.plist in Resources */ = {isa = PBXBuildFile; fileRef = 99F9E77E247C2DBA000ACA5A /* GoogleService-Info.plist */; };
/* End PBXBuildFile section */

/* Begin PBXFileReference section */
		5FB6FE4CF1446D1E4249787E /* Pods-knitting.release.xcconfig */ = {isa = PBXFileReference; includeInIndex = 1; lastKnownFileType = text.xcconfig; name = "Pods-knitting.release.xcconfig"; path = "Target Support Files/Pods-knitting/Pods-knitting.release.xcconfig"; sourceTree = "<group>"; };
		991A00C52481CBF0003DE7C2 /* Constraints.swift */ = {isa = PBXFileReference; lastKnownFileType = sourcecode.swift; path = Constraints.swift; sourceTree = "<group>"; };
		9939C9F6246DC6DE0029EFB1 /* Extensions.swift */ = {isa = PBXFileReference; lastKnownFileType = sourcecode.swift; path = Extensions.swift; sourceTree = "<group>"; };
		9939C9F8246DC88A0029EFB1 /* congratulations.gif */ = {isa = PBXFileReference; lastKnownFileType = image.gif; path = congratulations.gif; sourceTree = "<group>"; };
		997E85102458992A0074BE4B /* StorageManager.swift */ = {isa = PBXFileReference; lastKnownFileType = sourcecode.swift; path = StorageManager.swift; sourceTree = "<group>"; };
		997E85122458B6FF0074BE4B /* CountersVC.swift */ = {isa = PBXFileReference; lastKnownFileType = sourcecode.swift; path = CountersVC.swift; sourceTree = "<group>"; };
		9998AA4A2477EC7000629CBF /* GallaryCollectionView.swift */ = {isa = PBXFileReference; lastKnownFileType = sourcecode.swift; path = GallaryCollectionView.swift; sourceTree = "<group>"; };
		9998AA4E2477F15700629CBF /* GalleryCell.swift */ = {isa = PBXFileReference; lastKnownFileType = sourcecode.swift; path = GalleryCell.swift; sourceTree = "<group>"; };
		9998AA542478210500629CBF /* ProjectsCell.swift */ = {isa = PBXFileReference; lastKnownFileType = sourcecode.swift; path = ProjectsCell.swift; sourceTree = "<group>"; };
		999EACD52455C17300321D3E /* knitting.app */ = {isa = PBXFileReference; explicitFileType = wrapper.application; includeInIndex = 0; path = knitting.app; sourceTree = BUILT_PRODUCTS_DIR; };
		999EACD82455C17300321D3E /* AppDelegate.swift */ = {isa = PBXFileReference; lastKnownFileType = sourcecode.swift; path = AppDelegate.swift; sourceTree = "<group>"; };
		999EACDA2455C17300321D3E /* SceneDelegate.swift */ = {isa = PBXFileReference; lastKnownFileType = sourcecode.swift; path = SceneDelegate.swift; sourceTree = "<group>"; };
		999EACDC2455C17300321D3E /* ProjectsVC.swift */ = {isa = PBXFileReference; lastKnownFileType = sourcecode.swift; path = ProjectsVC.swift; sourceTree = "<group>"; };
		999EACDF2455C17300321D3E /* Base */ = {isa = PBXFileReference; lastKnownFileType = file.storyboard; name = Base; path = Base.lproj/Main.storyboard; sourceTree = "<group>"; };
		999EACE12455C17500321D3E /* Assets.xcassets */ = {isa = PBXFileReference; lastKnownFileType = folder.assetcatalog; path = Assets.xcassets; sourceTree = "<group>"; };
		999EACE42455C17600321D3E /* Base */ = {isa = PBXFileReference; lastKnownFileType = file.storyboard; name = Base; path = Base.lproj/LaunchScreen.storyboard; sourceTree = "<group>"; };
		999EACE62455C17600321D3E /* Info.plist */ = {isa = PBXFileReference; lastKnownFileType = text.plist.xml; path = Info.plist; sourceTree = "<group>"; };
		999EACF42457175200321D3E /* CreateProjectVC.swift */ = {isa = PBXFileReference; lastKnownFileType = sourcecode.swift; path = CreateProjectVC.swift; sourceTree = "<group>"; };
		99C8176A247D1EAB007836D8 /* User.swift */ = {isa = PBXFileReference; lastKnownFileType = sourcecode.swift; path = User.swift; sourceTree = "<group>"; };
		99C8178C247D564C007836D8 /* ProjectToKnit.swift */ = {isa = PBXFileReference; lastKnownFileType = sourcecode.swift; path = ProjectToKnit.swift; sourceTree = "<group>"; };
		99C8178E247E831E007836D8 /* CounterToKnit.swift */ = {isa = PBXFileReference; lastKnownFileType = sourcecode.swift; path = CounterToKnit.swift; sourceTree = "<group>"; };
		99DA5835245C2A5D00DF9CA1 /* CountersViewCell.swift */ = {isa = PBXFileReference; lastKnownFileType = sourcecode.swift; path = CountersViewCell.swift; sourceTree = "<group>"; };
		99E7860C24803D7F00F3D6E7 /* ProjectsTableView.swift */ = {isa = PBXFileReference; lastKnownFileType = sourcecode.swift; path = ProjectsTableView.swift; sourceTree = "<group>"; };
		99E7860F24803E6E00F3D6E7 /* FirstScreen.swift */ = {isa = PBXFileReference; lastKnownFileType = sourcecode.swift; path = FirstScreen.swift; sourceTree = "<group>"; };
		99F9E77C247C21DE000ACA5A /* LogInVC.swift */ = {isa = PBXFileReference; lastKnownFileType = sourcecode.swift; path = LogInVC.swift; sourceTree = "<group>"; };
		99F9E77E247C2DBA000ACA5A /* GoogleService-Info.plist */ = {isa = PBXFileReference; fileEncoding = 4; lastKnownFileType = text.plist.xml; path = "GoogleService-Info.plist"; sourceTree = "<group>"; };
		C0F67815AA6391CEBC9773A0 /* Pods_knitting.framework */ = {isa = PBXFileReference; explicitFileType = wrapper.framework; includeInIndex = 0; path = Pods_knitting.framework; sourceTree = BUILT_PRODUCTS_DIR; };
		EDEDC6C5F26B73BD717574D1 /* Pods-knitting.debug.xcconfig */ = {isa = PBXFileReference; includeInIndex = 1; lastKnownFileType = text.xcconfig; name = "Pods-knitting.debug.xcconfig"; path = "Target Support Files/Pods-knitting/Pods-knitting.debug.xcconfig"; sourceTree = "<group>"; };
/* End PBXFileReference section */

/* Begin PBXFrameworksBuildPhase section */
		999EACD22455C17300321D3E /* Frameworks */ = {
			isa = PBXFrameworksBuildPhase;
			buildActionMask = 2147483647;
			files = (
				99D89BF56AFBB83D045FF329 /* Pods_knitting.framework in Frameworks */,
			);
			runOnlyForDeploymentPostprocessing = 0;
		};
/* End PBXFrameworksBuildPhase section */

/* Begin PBXGroup section */
		997E85182459E2500074BE4B /* Controllers */ = {
			isa = PBXGroup;
			children = (
				999EACDC2455C17300321D3E /* ProjectsVC.swift */,
				99E7860C24803D7F00F3D6E7 /* ProjectsTableView.swift */,
				997E85122458B6FF0074BE4B /* CountersVC.swift */,
				999EACF42457175200321D3E /* CreateProjectVC.swift */,
				9998AA4A2477EC7000629CBF /* GallaryCollectionView.swift */,
			);
			path = Controllers;
			sourceTree = "<group>";
		};
		997E85192459E26D0074BE4B /* Models */ = {
			isa = PBXGroup;
			children = (
				99C8176A247D1EAB007836D8 /* User.swift */,
				99C8178C247D564C007836D8 /* ProjectToKnit.swift */,
				99C8178E247E831E007836D8 /* CounterToKnit.swift */,
			);
			path = Models;
			sourceTree = "<group>";
		};
		997E851A2459E2830074BE4B /* Cells */ = {
			isa = PBXGroup;
			children = (
				9998AA4E2477F15700629CBF /* GalleryCell.swift */,
				9998AA542478210500629CBF /* ProjectsCell.swift */,
				99DA5835245C2A5D00DF9CA1 /* CountersViewCell.swift */,
			);
			path = Cells;
			sourceTree = "<group>";
		};
		997E851B2459E29A0074BE4B /* Views */ = {
			isa = PBXGroup;
			children = (
				999EACDE2455C17300321D3E /* Main.storyboard */,
				999EACE32455C17500321D3E /* LaunchScreen.storyboard */,
			);
			path = Views;
			sourceTree = "<group>";
		};
		997E851C2459E2AC0074BE4B /* Supporting */ = {
			isa = PBXGroup;
			children = (
				999EACD82455C17300321D3E /* AppDelegate.swift */,
				999EACDA2455C17300321D3E /* SceneDelegate.swift */,
				997E85102458992A0074BE4B /* StorageManager.swift */,
				9939C9F6246DC6DE0029EFB1 /* Extensions.swift */,
				991A00C52481CBF0003DE7C2 /* Constraints.swift */,
			);
			path = Supporting;
			sourceTree = "<group>";
		};
		999EACCC2455C17300321D3E = {
			isa = PBXGroup;
			children = (
				999EACD72455C17300321D3E /* knitting */,
				999EACD62455C17300321D3E /* Products */,
				B2CEA6F08C92C2946039A602 /* Pods */,
				E9FED6BD5723560AF915FB70 /* Frameworks */,
			);
			sourceTree = "<group>";
			usesTabs = 0;
		};
		999EACD62455C17300321D3E /* Products */ = {
			isa = PBXGroup;
			children = (
				999EACD52455C17300321D3E /* knitting.app */,
			);
			name = Products;
			sourceTree = "<group>";
		};
		999EACD72455C17300321D3E /* knitting */ = {
			isa = PBXGroup;
			children = (
				997E851C2459E2AC0074BE4B /* Supporting */,
				99E7860E24803E4500F3D6E7 /* OnBoarding + LogIn */,
				997E85192459E26D0074BE4B /* Models */,
				997E851B2459E29A0074BE4B /* Views */,
				997E85182459E2500074BE4B /* Controllers */,
				997E851A2459E2830074BE4B /* Cells */,
				999EACE12455C17500321D3E /* Assets.xcassets */,
				9939C9F8246DC88A0029EFB1 /* congratulations.gif */,
				99F9E77E247C2DBA000ACA5A /* GoogleService-Info.plist */,
				999EACE62455C17600321D3E /* Info.plist */,
			);
			path = knitting;
			sourceTree = "<group>";
		};
		99E7860E24803E4500F3D6E7 /* OnBoarding + LogIn */ = {
			isa = PBXGroup;
			children = (
				99F9E77C247C21DE000ACA5A /* LogInVC.swift */,
				99E7860F24803E6E00F3D6E7 /* FirstScreen.swift */,
			);
			path = "OnBoarding + LogIn";
			sourceTree = "<group>";
		};
		B2CEA6F08C92C2946039A602 /* Pods */ = {
			isa = PBXGroup;
			children = (
				EDEDC6C5F26B73BD717574D1 /* Pods-knitting.debug.xcconfig */,
				5FB6FE4CF1446D1E4249787E /* Pods-knitting.release.xcconfig */,
			);
			path = Pods;
			sourceTree = "<group>";
		};
		E9FED6BD5723560AF915FB70 /* Frameworks */ = {
			isa = PBXGroup;
			children = (
				C0F67815AA6391CEBC9773A0 /* Pods_knitting.framework */,
			);
			name = Frameworks;
			sourceTree = "<group>";
		};
/* End PBXGroup section */

/* Begin PBXNativeTarget section */
		999EACD42455C17300321D3E /* knitting */ = {
			isa = PBXNativeTarget;
			buildConfigurationList = 999EACE92455C17600321D3E /* Build configuration list for PBXNativeTarget "knitting" */;
			buildPhases = (
				FA92E800BCAE657EB67488AF /* [CP] Check Pods Manifest.lock */,
				999EACD12455C17300321D3E /* Sources */,
				999EACD22455C17300321D3E /* Frameworks */,
				999EACD32455C17300321D3E /* Resources */,
				33C4CA3FAD74A9A92BF6C228 /* [CP] Embed Pods Frameworks */,
			);
			buildRules = (
			);
			dependencies = (
			);
			name = knitting;
			productName = knitting;
			productReference = 999EACD52455C17300321D3E /* knitting.app */;
			productType = "com.apple.product-type.application";
		};
/* End PBXNativeTarget section */

/* Begin PBXProject section */
		999EACCD2455C17300321D3E /* Project object */ = {
			isa = PBXProject;
			attributes = {
				LastSwiftUpdateCheck = 1140;
				LastUpgradeCheck = 1140;
				ORGANIZATIONNAME = "Павел Кузин";
				TargetAttributes = {
					999EACD42455C17300321D3E = {
						CreatedOnToolsVersion = 11.4;
					};
				};
			};
			buildConfigurationList = 999EACD02455C17300321D3E /* Build configuration list for PBXProject "knitting" */;
			compatibilityVersion = "Xcode 9.3";
			developmentRegion = en;
			hasScannedForEncodings = 0;
			knownRegions = (
				en,
				Base,
			);
			mainGroup = 999EACCC2455C17300321D3E;
			productRefGroup = 999EACD62455C17300321D3E /* Products */;
			projectDirPath = "";
			projectRoot = "";
			targets = (
				999EACD42455C17300321D3E /* knitting */,
			);
		};
/* End PBXProject section */

/* Begin PBXResourcesBuildPhase section */
		999EACD32455C17300321D3E /* Resources */ = {
			isa = PBXResourcesBuildPhase;
			buildActionMask = 2147483647;
			files = (
				9939C9F9246DC88B0029EFB1 /* congratulations.gif in Resources */,
				999EACE52455C17600321D3E /* LaunchScreen.storyboard in Resources */,
				99F9E77F247C2DBA000ACA5A /* GoogleService-Info.plist in Resources */,
				999EACE22455C17500321D3E /* Assets.xcassets in Resources */,
				999EACE02455C17300321D3E /* Main.storyboard in Resources */,
			);
			runOnlyForDeploymentPostprocessing = 0;
		};
/* End PBXResourcesBuildPhase section */

/* Begin PBXShellScriptBuildPhase section */
		33C4CA3FAD74A9A92BF6C228 /* [CP] Embed Pods Frameworks */ = {
			isa = PBXShellScriptBuildPhase;
			buildActionMask = 2147483647;
			files = (
			);
			inputFileListPaths = (
				"${PODS_ROOT}/Target Support Files/Pods-knitting/Pods-knitting-frameworks-${CONFIGURATION}-input-files.xcfilelist",
			);
			name = "[CP] Embed Pods Frameworks";
			outputFileListPaths = (
				"${PODS_ROOT}/Target Support Files/Pods-knitting/Pods-knitting-frameworks-${CONFIGURATION}-output-files.xcfilelist",
			);
			runOnlyForDeploymentPostprocessing = 0;
			shellPath = /bin/sh;
			shellScript = "\"${PODS_ROOT}/Target Support Files/Pods-knitting/Pods-knitting-frameworks.sh\"\n";
			showEnvVarsInLog = 0;
		};
		FA92E800BCAE657EB67488AF /* [CP] Check Pods Manifest.lock */ = {
			isa = PBXShellScriptBuildPhase;
			buildActionMask = 2147483647;
			files = (
			);
			inputFileListPaths = (
			);
			inputPaths = (
				"${PODS_PODFILE_DIR_PATH}/Podfile.lock",
				"${PODS_ROOT}/Manifest.lock",
			);
			name = "[CP] Check Pods Manifest.lock";
			outputFileListPaths = (
			);
			outputPaths = (
				"$(DERIVED_FILE_DIR)/Pods-knitting-checkManifestLockResult.txt",
			);
			runOnlyForDeploymentPostprocessing = 0;
			shellPath = /bin/sh;
			shellScript = "diff \"${PODS_PODFILE_DIR_PATH}/Podfile.lock\" \"${PODS_ROOT}/Manifest.lock\" > /dev/null\nif [ $? != 0 ] ; then\n    # print error to STDERR\n    echo \"error: The sandbox is not in sync with the Podfile.lock. Run 'pod install' or update your CocoaPods installation.\" >&2\n    exit 1\nfi\n# This output is used by Xcode 'outputs' to avoid re-running this script phase.\necho \"SUCCESS\" > \"${SCRIPT_OUTPUT_FILE_0}\"\n";
			showEnvVarsInLog = 0;
		};
/* End PBXShellScriptBuildPhase section */

/* Begin PBXSourcesBuildPhase section */
		999EACD12455C17300321D3E /* Sources */ = {
			isa = PBXSourcesBuildPhase;
			buildActionMask = 2147483647;
			files = (
				9998AA4F2477F15700629CBF /* GalleryCell.swift in Sources */,
				999EACF52457175200321D3E /* CreateProjectVC.swift in Sources */,
				99E7861024803E6E00F3D6E7 /* FirstScreen.swift in Sources */,
				99C8176B247D1EAB007836D8 /* User.swift in Sources */,
				991A00C62481CBF0003DE7C2 /* Constraints.swift in Sources */,
				999EACDD2455C17300321D3E /* ProjectsVC.swift in Sources */,
				9998AA552478210500629CBF /* ProjectsCell.swift in Sources */,
				9939C9F7246DC6DE0029EFB1 /* Extensions.swift in Sources */,
				997E85112458992A0074BE4B /* StorageManager.swift in Sources */,
				99E7860D24803D7F00F3D6E7 /* ProjectsTableView.swift in Sources */,
				99F9E77D247C21DE000ACA5A /* LogInVC.swift in Sources */,
				99C8178F247E831E007836D8 /* CounterToKnit.swift in Sources */,
				9998AA4B2477EC7000629CBF /* GallaryCollectionView.swift in Sources */,
				999EACD92455C17300321D3E /* AppDelegate.swift in Sources */,
				999EACDB2455C17300321D3E /* SceneDelegate.swift in Sources */,
				99C8178D247D564C007836D8 /* ProjectToKnit.swift in Sources */,
				99DA5836245C2A5D00DF9CA1 /* CountersViewCell.swift in Sources */,
				997E85132458B6FF0074BE4B /* CountersVC.swift in Sources */,
			);
			runOnlyForDeploymentPostprocessing = 0;
		};
/* End PBXSourcesBuildPhase section */

/* Begin PBXVariantGroup section */
		999EACDE2455C17300321D3E /* Main.storyboard */ = {
			isa = PBXVariantGroup;
			children = (
				999EACDF2455C17300321D3E /* Base */,
			);
			name = Main.storyboard;
			sourceTree = "<group>";
		};
		999EACE32455C17500321D3E /* LaunchScreen.storyboard */ = {
			isa = PBXVariantGroup;
			children = (
				999EACE42455C17600321D3E /* Base */,
			);
			name = LaunchScreen.storyboard;
			sourceTree = "<group>";
		};
/* End PBXVariantGroup section */

/* Begin XCBuildConfiguration section */
		999EACE72455C17600321D3E /* Debug */ = {
			isa = XCBuildConfiguration;
			buildSettings = {
				ALWAYS_SEARCH_USER_PATHS = NO;
				CLANG_ANALYZER_NONNULL = YES;
				CLANG_ANALYZER_NUMBER_OBJECT_CONVERSION = YES_AGGRESSIVE;
				CLANG_CXX_LANGUAGE_STANDARD = "gnu++14";
				CLANG_CXX_LIBRARY = "libc++";
				CLANG_ENABLE_MODULES = YES;
				CLANG_ENABLE_OBJC_ARC = YES;
				CLANG_ENABLE_OBJC_WEAK = YES;
				CLANG_WARN_BLOCK_CAPTURE_AUTORELEASING = YES;
				CLANG_WARN_BOOL_CONVERSION = YES;
				CLANG_WARN_COMMA = YES;
				CLANG_WARN_CONSTANT_CONVERSION = YES;
				CLANG_WARN_DEPRECATED_OBJC_IMPLEMENTATIONS = YES;
				CLANG_WARN_DIRECT_OBJC_ISA_USAGE = YES_ERROR;
				CLANG_WARN_DOCUMENTATION_COMMENTS = YES;
				CLANG_WARN_EMPTY_BODY = YES;
				CLANG_WARN_ENUM_CONVERSION = YES;
				CLANG_WARN_INFINITE_RECURSION = YES;
				CLANG_WARN_INT_CONVERSION = YES;
				CLANG_WARN_NON_LITERAL_NULL_CONVERSION = YES;
				CLANG_WARN_OBJC_IMPLICIT_RETAIN_SELF = YES;
				CLANG_WARN_OBJC_LITERAL_CONVERSION = YES;
				CLANG_WARN_OBJC_ROOT_CLASS = YES_ERROR;
				CLANG_WARN_RANGE_LOOP_ANALYSIS = YES;
				CLANG_WARN_STRICT_PROTOTYPES = YES;
				CLANG_WARN_SUSPICIOUS_MOVE = YES;
				CLANG_WARN_UNGUARDED_AVAILABILITY = YES_AGGRESSIVE;
				CLANG_WARN_UNREACHABLE_CODE = YES;
				CLANG_WARN__DUPLICATE_METHOD_MATCH = YES;
				COPY_PHASE_STRIP = NO;
				DEBUG_INFORMATION_FORMAT = dwarf;
				ENABLE_STRICT_OBJC_MSGSEND = YES;
				ENABLE_TESTABILITY = YES;
				GCC_C_LANGUAGE_STANDARD = gnu11;
				GCC_DYNAMIC_NO_PIC = NO;
				GCC_NO_COMMON_BLOCKS = YES;
				GCC_OPTIMIZATION_LEVEL = 0;
				GCC_PREPROCESSOR_DEFINITIONS = (
					"DEBUG=1",
					"$(inherited)",
				);
				GCC_WARN_64_TO_32_BIT_CONVERSION = YES;
				GCC_WARN_ABOUT_RETURN_TYPE = YES_ERROR;
				GCC_WARN_UNDECLARED_SELECTOR = YES;
				GCC_WARN_UNINITIALIZED_AUTOS = YES_AGGRESSIVE;
				GCC_WARN_UNUSED_FUNCTION = YES;
				GCC_WARN_UNUSED_VARIABLE = YES;
				IPHONEOS_DEPLOYMENT_TARGET = 13.4;
				MTL_ENABLE_DEBUG_INFO = INCLUDE_SOURCE;
				MTL_FAST_MATH = YES;
				ONLY_ACTIVE_ARCH = YES;
				SDKROOT = iphoneos;
				SWIFT_ACTIVE_COMPILATION_CONDITIONS = DEBUG;
				SWIFT_OPTIMIZATION_LEVEL = "-Onone";
			};
			name = Debug;
		};
		999EACE82455C17600321D3E /* Release */ = {
			isa = XCBuildConfiguration;
			buildSettings = {
				ALWAYS_SEARCH_USER_PATHS = NO;
				CLANG_ANALYZER_NONNULL = YES;
				CLANG_ANALYZER_NUMBER_OBJECT_CONVERSION = YES_AGGRESSIVE;
				CLANG_CXX_LANGUAGE_STANDARD = "gnu++14";
				CLANG_CXX_LIBRARY = "libc++";
				CLANG_ENABLE_MODULES = YES;
				CLANG_ENABLE_OBJC_ARC = YES;
				CLANG_ENABLE_OBJC_WEAK = YES;
				CLANG_WARN_BLOCK_CAPTURE_AUTORELEASING = YES;
				CLANG_WARN_BOOL_CONVERSION = YES;
				CLANG_WARN_COMMA = YES;
				CLANG_WARN_CONSTANT_CONVERSION = YES;
				CLANG_WARN_DEPRECATED_OBJC_IMPLEMENTATIONS = YES;
				CLANG_WARN_DIRECT_OBJC_ISA_USAGE = YES_ERROR;
				CLANG_WARN_DOCUMENTATION_COMMENTS = YES;
				CLANG_WARN_EMPTY_BODY = YES;
				CLANG_WARN_ENUM_CONVERSION = YES;
				CLANG_WARN_INFINITE_RECURSION = YES;
				CLANG_WARN_INT_CONVERSION = YES;
				CLANG_WARN_NON_LITERAL_NULL_CONVERSION = YES;
				CLANG_WARN_OBJC_IMPLICIT_RETAIN_SELF = YES;
				CLANG_WARN_OBJC_LITERAL_CONVERSION = YES;
				CLANG_WARN_OBJC_ROOT_CLASS = YES_ERROR;
				CLANG_WARN_RANGE_LOOP_ANALYSIS = YES;
				CLANG_WARN_STRICT_PROTOTYPES = YES;
				CLANG_WARN_SUSPICIOUS_MOVE = YES;
				CLANG_WARN_UNGUARDED_AVAILABILITY = YES_AGGRESSIVE;
				CLANG_WARN_UNREACHABLE_CODE = YES;
				CLANG_WARN__DUPLICATE_METHOD_MATCH = YES;
				COPY_PHASE_STRIP = NO;
				DEBUG_INFORMATION_FORMAT = "dwarf-with-dsym";
				ENABLE_NS_ASSERTIONS = NO;
				ENABLE_STRICT_OBJC_MSGSEND = YES;
				GCC_C_LANGUAGE_STANDARD = gnu11;
				GCC_NO_COMMON_BLOCKS = YES;
				GCC_WARN_64_TO_32_BIT_CONVERSION = YES;
				GCC_WARN_ABOUT_RETURN_TYPE = YES_ERROR;
				GCC_WARN_UNDECLARED_SELECTOR = YES;
				GCC_WARN_UNINITIALIZED_AUTOS = YES_AGGRESSIVE;
				GCC_WARN_UNUSED_FUNCTION = YES;
				GCC_WARN_UNUSED_VARIABLE = YES;
				IPHONEOS_DEPLOYMENT_TARGET = 13.4;
				MTL_ENABLE_DEBUG_INFO = NO;
				MTL_FAST_MATH = YES;
				SDKROOT = iphoneos;
				SWIFT_COMPILATION_MODE = wholemodule;
				SWIFT_OPTIMIZATION_LEVEL = "-O";
				VALIDATE_PRODUCT = YES;
			};
			name = Release;
		};
		999EACEA2455C17600321D3E /* Debug */ = {
			isa = XCBuildConfiguration;
			baseConfigurationReference = EDEDC6C5F26B73BD717574D1 /* Pods-knitting.debug.xcconfig */;
			buildSettings = {
				ASSETCATALOG_COMPILER_APPICON_NAME = AppIcon;
				CODE_SIGN_STYLE = Automatic;
				DEVELOPMENT_TEAM = JJC3HHT8LN;
				INFOPLIST_FILE = knitting/Info.plist;
				LD_RUNPATH_SEARCH_PATHS = (
					"$(inherited)",
					"@executable_path/Frameworks",
				);
				PRODUCT_BUNDLE_IDENTIFIER = ru.polykuzin.knitting;
				PRODUCT_NAME = "$(TARGET_NAME)";
				SWIFT_VERSION = 5.0;
				TARGETED_DEVICE_FAMILY = 1;
			};
			name = Debug;
		};
		999EACEB2455C17600321D3E /* Release */ = {
			isa = XCBuildConfiguration;
			baseConfigurationReference = 5FB6FE4CF1446D1E4249787E /* Pods-knitting.release.xcconfig */;
			buildSettings = {
				ASSETCATALOG_COMPILER_APPICON_NAME = AppIcon;
				CODE_SIGN_STYLE = Automatic;
				DEVELOPMENT_TEAM = JJC3HHT8LN;
				INFOPLIST_FILE = knitting/Info.plist;
				LD_RUNPATH_SEARCH_PATHS = (
					"$(inherited)",
					"@executable_path/Frameworks",
				);
				PRODUCT_BUNDLE_IDENTIFIER = ru.polykuzin.knitting;
				PRODUCT_NAME = "$(TARGET_NAME)";
				SWIFT_VERSION = 5.0;
				TARGETED_DEVICE_FAMILY = 1;
			};
			name = Release;
		};
/* End XCBuildConfiguration section */

/* Begin XCConfigurationList section */
		999EACD02455C17300321D3E /* Build configuration list for PBXProject "knitting" */ = {
			isa = XCConfigurationList;
			buildConfigurations = (
				999EACE72455C17600321D3E /* Debug */,
				999EACE82455C17600321D3E /* Release */,
			);
			defaultConfigurationIsVisible = 0;
			defaultConfigurationName = Release;
		};
		999EACE92455C17600321D3E /* Build configuration list for PBXNativeTarget "knitting" */ = {
			isa = XCConfigurationList;
			buildConfigurations = (
				999EACEA2455C17600321D3E /* Debug */,
				999EACEB2455C17600321D3E /* Release */,
			);
			defaultConfigurationIsVisible = 0;
			defaultConfigurationName = Release;
		};
/* End XCConfigurationList section */
	};
	rootObject = 999EACCD2455C17300321D3E /* Project object */;
}
